
Microsoft Visual Studio Solution File, Format Version 12.00
# Visual Studio Version 17
VisualStudioVersion = 17.13.35919.96 d17.13
MinimumVisualStudioVersion = 10.0.40219.1
Project("{FAE04EC0-301F-11D3-BF4B-00C04F79EFBC}") = "WasylWeather", "WasylWeather\WasylWeather.csproj", "{B74064C2-EC50-49D8-9D12-56DD447B0F28}"
EndProject
Global
	GlobalSection(SolutionConfigurationPlatforms) = preSolution
		Debug|Any CPU = Debug|Any CPU
		Release|Any CPU = Release|Any CPU
	EndGlobalSection
	GlobalSection(ProjectConfigurationPlatforms) = postSolution
		{B74064C2-EC50-49D8-9D12-56DD447B0F28}.Debug|Any CPU.ActiveCfg = Debug|Any CPU
		{B74064C2-EC50-49D8-9D12-56DD447B0F28}.Debug|Any CPU.Build.0 = Debug|Any CPU
		{B74064C2-EC50-49D8-9D12-56DD447B0F28}.Release|Any CPU.ActiveCfg = Release|Any CPU
		{B74064C2-EC50-49D8-9D12-56DD447B0F28}.Release|Any CPU.Build.0 = Release|Any CPU
	EndGlobalSection
	GlobalSection(SolutionProperties) = preSolution
		HideSolutionNode = FALSE
	EndGlobalSection
	GlobalSection(ExtensibilityGlobals) = postSolution
		SolutionGuid = {3EACFD91-69DD-4E4C-A586-9D874B509997}
	EndGlobalSection
EndGlobal
